
Microsoft Visual Studio Solution File, Format Version 12.00
# Visual Studio Version 17
VisualStudioVersion = 17.0.31903.59
MinimumVisualStudioVersion = 10.0.40219.1
Project("{2150E333-8FDC-42A3-9474-1A3956D46DE8}") = "src", "src", "{827E0CD3-B72D-47B6-A68D-7590B98EB39B}"
EndProject
Project("{FAE04EC0-301F-11D3-BF4B-00C04F79EFBC}") = "FileManagement.Api", "src\FileManagement.Api\FileManagement.Api.csproj", "{F97922AE-40BF-4CFA-934E-AB45C9EF0150}"
EndProject
Project("{FAE04EC0-301F-11D3-BF4B-00C04F79EFBC}") = "FileManagement.Domain", "src\FileManagement.Domain\FileManagement.Domain.csproj", "{FD730C8C-135C-40C3-B2A5-781EB93ADB77}"
EndProject
Project("{FAE04EC0-301F-11D3-BF4B-00C04F79EFBC}") = "FileManagement.Application", "src\FileManagement.Application\FileManagement.Application.csproj", "{8C7EF206-20C4-4CB0-9723-7A69F709CE9C}"
EndProject
Project("{FAE04EC0-301F-11D3-BF4B-00C04F79EFBC}") = "FileManagement.Infrastructure", "src\FileManagement.Infrastructure\FileManagement.Infrastructure.csproj", "{A7216F2E-F24A-4379-9288-887285A1A5A7}"
EndProject
Project("{2150E333-8FDC-42A3-9474-1A3956D46DE8}") = "tests", "tests", "{0AB3BF05-4346-4AA6-1389-037BE0695223}"
EndProject
Project("{FAE04EC0-301F-11D3-BF4B-00C04F79EFBC}") = "FileManagement.UnitTests", "tests\FileManagement.UnitTests\FileManagement.UnitTests.csproj", "{CDF5BFC0-4B85-4270-BE17-D982D7118B9C}"
EndProject
Project("{FAE04EC0-301F-11D3-BF4B-00C04F79EFBC}") = "FileManagement.Identity.Api", "src\FileManagement.Identity.Api\FileManagement.Identity.Api.csproj", "{8DFE9A8F-B01D-4A55-BEE6-384FAE1C8D7C}"
EndProject
Project("{FAE04EC0-301F-11D3-BF4B-00C04F79EFBC}") = "FileManagement.Identity.Infrastructure", "src\FileManagement.Identity.Infrastructure\FileManagement.Identity.Infrastructure.csproj", "{66B45ACE-5C30-47F4-9A15-F7D19BAD8805}"
EndProject
Project("{FAE04EC0-301F-11D3-BF4B-00C04F79EFBC}") = "FileManagement.Identity.UnitTests", "tests\FileManagement.Identity.UnitTests\FileManagement.Identity.UnitTests.csproj", "{82BD20C2-A918-4D9C-BC7A-F8E4B8E9DFC7}"
EndProject
Project("{FAE04EC0-301F-11D3-BF4B-00C04F79EFBC}") = "FileManagement.Gateway", "src\FileManagement.Gateway\FileManagement.Gateway.csproj", "{B81DEEDF-689C-4DC7-A275-E3BE33B111AE}"
EndProject
Project("{FAE04EC0-301F-11D3-BF4B-00C04F79EFBC}") = "FileManagement.Contracts", "src\FileManagement.Contracts\FileManagement.Contracts.csproj", "{6995B7B5-E76C-40E3-B3B1-FC4B381B8CF0}"
EndProject
Project("{FAE04EC0-301F-11D3-BF4B-00C04F79EFBC}") = "FileManagement.Contracts.UnitTests", "tests\FileManagement.Contracts.UnitTests\FileManagement.Contracts.UnitTests.csproj", "{DD71952F-219E-4873-986D-C31D50408A54}"
EndProject
Global
	GlobalSection(SolutionConfigurationPlatforms) = preSolution
		Debug|Any CPU = Debug|Any CPU
		Debug|x64 = Debug|x64
		Debug|x86 = Debug|x86
		Release|Any CPU = Release|Any CPU
		Release|x64 = Release|x64
		Release|x86 = Release|x86
	EndGlobalSection
	GlobalSection(ProjectConfigurationPlatforms) = postSolution
		{F97922AE-40BF-4CFA-934E-AB45C9EF0150}.Debug|Any CPU.ActiveCfg = Debug|Any CPU
		{F97922AE-40BF-4CFA-934E-AB45C9EF0150}.Debug|Any CPU.Build.0 = Debug|Any CPU
		{F97922AE-40BF-4CFA-934E-AB45C9EF0150}.Debug|x64.ActiveCfg = Debug|Any CPU
		{F97922AE-40BF-4CFA-934E-AB45C9EF0150}.Debug|x64.Build.0 = Debug|Any CPU
		{F97922AE-40BF-4CFA-934E-AB45C9EF0150}.Debug|x86.ActiveCfg = Debug|Any CPU
		{F97922AE-40BF-4CFA-934E-AB45C9EF0150}.Debug|x86.Build.0 = Debug|Any CPU
		{F97922AE-40BF-4CFA-934E-AB45C9EF0150}.Release|Any CPU.ActiveCfg = Release|Any CPU
		{F97922AE-40BF-4CFA-934E-AB45C9EF0150}.Release|Any CPU.Build.0 = Release|Any CPU
		{F97922AE-40BF-4CFA-934E-AB45C9EF0150}.Release|x64.ActiveCfg = Release|Any CPU
		{F97922AE-40BF-4CFA-934E-AB45C9EF0150}.Release|x64.Build.0 = Release|Any CPU
		{F97922AE-40BF-4CFA-934E-AB45C9EF0150}.Release|x86.ActiveCfg = Release|Any CPU
		{F97922AE-40BF-4CFA-934E-AB45C9EF0150}.Release|x86.Build.0 = Release|Any CPU
		{FD730C8C-135C-40C3-B2A5-781EB93ADB77}.Debug|Any CPU.ActiveCfg = Debug|Any CPU
		{FD730C8C-135C-40C3-B2A5-781EB93ADB77}.Debug|Any CPU.Build.0 = Debug|Any CPU
		{FD730C8C-135C-40C3-B2A5-781EB93ADB77}.Debug|x64.ActiveCfg = Debug|Any CPU
		{FD730C8C-135C-40C3-B2A5-781EB93ADB77}.Debug|x64.Build.0 = Debug|Any CPU
		{FD730C8C-135C-40C3-B2A5-781EB93ADB77}.Debug|x86.ActiveCfg = Debug|Any CPU
		{FD730C8C-135C-40C3-B2A5-781EB93ADB77}.Debug|x86.Build.0 = Debug|Any CPU
		{FD730C8C-135C-40C3-B2A5-781EB93ADB77}.Release|Any CPU.ActiveCfg = Release|Any CPU
		{FD730C8C-135C-40C3-B2A5-781EB93ADB77}.Release|Any CPU.Build.0 = Release|Any CPU
		{FD730C8C-135C-40C3-B2A5-781EB93ADB77}.Release|x64.ActiveCfg = Release|Any CPU
		{FD730C8C-135C-40C3-B2A5-781EB93ADB77}.Release|x64.Build.0 = Release|Any CPU
		{FD730C8C-135C-40C3-B2A5-781EB93ADB77}.Release|x86.ActiveCfg = Release|Any CPU
		{FD730C8C-135C-40C3-B2A5-781EB93ADB77}.Release|x86.Build.0 = Release|Any CPU
		{8C7EF206-20C4-4CB0-9723-7A69F709CE9C}.Debug|Any CPU.ActiveCfg = Debug|Any CPU
		{8C7EF206-20C4-4CB0-9723-7A69F709CE9C}.Debug|Any CPU.Build.0 = Debug|Any CPU
		{8C7EF206-20C4-4CB0-9723-7A69F709CE9C}.Debug|x64.ActiveCfg = Debug|Any CPU
		{8C7EF206-20C4-4CB0-9723-7A69F709CE9C}.Debug|x64.Build.0 = Debug|Any CPU
		{8C7EF206-20C4-4CB0-9723-7A69F709CE9C}.Debug|x86.ActiveCfg = Debug|Any CPU
		{8C7EF206-20C4-4CB0-9723-7A69F709CE9C}.Debug|x86.Build.0 = Debug|Any CPU
		{8C7EF206-20C4-4CB0-9723-7A69F709CE9C}.Release|Any CPU.ActiveCfg = Release|Any CPU
		{8C7EF206-20C4-4CB0-9723-7A69F709CE9C}.Release|Any CPU.Build.0 = Release|Any CPU
		{8C7EF206-20C4-4CB0-9723-7A69F709CE9C}.Release|x64.ActiveCfg = Release|Any CPU
		{8C7EF206-20C4-4CB0-9723-7A69F709CE9C}.Release|x64.Build.0 = Release|Any CPU
		{8C7EF206-20C4-4CB0-9723-7A69F709CE9C}.Release|x86.ActiveCfg = Release|Any CPU
		{8C7EF206-20C4-4CB0-9723-7A69F709CE9C}.Release|x86.Build.0 = Release|Any CPU
		{A7216F2E-F24A-4379-9288-887285A1A5A7}.Debug|Any CPU.ActiveCfg = Debug|Any CPU
		{A7216F2E-F24A-4379-9288-887285A1A5A7}.Debug|Any CPU.Build.0 = Debug|Any CPU
		{A7216F2E-F24A-4379-9288-887285A1A5A7}.Debug|x64.ActiveCfg = Debug|Any CPU
		{A7216F2E-F24A-4379-9288-887285A1A5A7}.Debug|x64.Build.0 = Debug|Any CPU
		{A7216F2E-F24A-4379-9288-887285A1A5A7}.Debug|x86.ActiveCfg = Debug|Any CPU
		{A7216F2E-F24A-4379-9288-887285A1A5A7}.Debug|x86.Build.0 = Debug|Any CPU
		{A7216F2E-F24A-4379-9288-887285A1A5A7}.Release|Any CPU.ActiveCfg = Release|Any CPU
		{A7216F2E-F24A-4379-9288-887285A1A5A7}.Release|Any CPU.Build.0 = Release|Any CPU
		{A7216F2E-F24A-4379-9288-887285A1A5A7}.Release|x64.ActiveCfg = Release|Any CPU
		{A7216F2E-F24A-4379-9288-887285A1A5A7}.Release|x64.Build.0 = Release|Any CPU
		{A7216F2E-F24A-4379-9288-887285A1A5A7}.Release|x86.ActiveCfg = Release|Any CPU
		{A7216F2E-F24A-4379-9288-887285A1A5A7}.Release|x86.Build.0 = Release|Any CPU
		{CDF5BFC0-4B85-4270-BE17-D982D7118B9C}.Debug|Any CPU.ActiveCfg = Debug|Any CPU
		{CDF5BFC0-4B85-4270-BE17-D982D7118B9C}.Debug|Any CPU.Build.0 = Debug|Any CPU
		{CDF5BFC0-4B85-4270-BE17-D982D7118B9C}.Debug|x64.ActiveCfg = Debug|Any CPU
		{CDF5BFC0-4B85-4270-BE17-D982D7118B9C}.Debug|x64.Build.0 = Debug|Any CPU
		{CDF5BFC0-4B85-4270-BE17-D982D7118B9C}.Debug|x86.ActiveCfg = Debug|Any CPU
		{CDF5BFC0-4B85-4270-BE17-D982D7118B9C}.Debug|x86.Build.0 = Debug|Any CPU
		{CDF5BFC0-4B85-4270-BE17-D982D7118B9C}.Release|Any CPU.ActiveCfg = Release|Any CPU
		{CDF5BFC0-4B85-4270-BE17-D982D7118B9C}.Release|Any CPU.Build.0 = Release|Any CPU
		{CDF5BFC0-4B85-4270-BE17-D982D7118B9C}.Release|x64.ActiveCfg = Release|Any CPU
		{CDF5BFC0-4B85-4270-BE17-D982D7118B9C}.Release|x64.Build.0 = Release|Any CPU
		{CDF5BFC0-4B85-4270-BE17-D982D7118B9C}.Release|x86.ActiveCfg = Release|Any CPU
		{CDF5BFC0-4B85-4270-BE17-D982D7118B9C}.Release|x86.Build.0 = Release|Any CPU
		{8DFE9A8F-B01D-4A55-BEE6-384FAE1C8D7C}.Debug|Any CPU.ActiveCfg = Debug|Any CPU
		{8DFE9A8F-B01D-4A55-BEE6-384FAE1C8D7C}.Debug|Any CPU.Build.0 = Debug|Any CPU
		{8DFE9A8F-B01D-4A55-BEE6-384FAE1C8D7C}.Debug|x64.ActiveCfg = Debug|Any CPU
		{8DFE9A8F-B01D-4A55-BEE6-384FAE1C8D7C}.Debug|x64.Build.0 = Debug|Any CPU
		{8DFE9A8F-B01D-4A55-BEE6-384FAE1C8D7C}.Debug|x86.ActiveCfg = Debug|Any CPU
		{8DFE9A8F-B01D-4A55-BEE6-384FAE1C8D7C}.Debug|x86.Build.0 = Debug|Any CPU
		{8DFE9A8F-B01D-4A55-BEE6-384FAE1C8D7C}.Release|Any CPU.ActiveCfg = Release|Any CPU
		{8DFE9A8F-B01D-4A55-BEE6-384FAE1C8D7C}.Release|Any CPU.Build.0 = Release|Any CPU
		{8DFE9A8F-B01D-4A55-BEE6-384FAE1C8D7C}.Release|x64.ActiveCfg = Release|Any CPU
		{8DFE9A8F-B01D-4A55-BEE6-384FAE1C8D7C}.Release|x64.Build.0 = Release|Any CPU
		{8DFE9A8F-B01D-4A55-BEE6-384FAE1C8D7C}.Release|x86.ActiveCfg = Release|Any CPU
		{8DFE9A8F-B01D-4A55-BEE6-384FAE1C8D7C}.Release|x86.Build.0 = Release|Any CPU
		{66B45ACE-5C30-47F4-9A15-F7D19BAD8805}.Debug|Any CPU.ActiveCfg = Debug|Any CPU
		{66B45ACE-5C30-47F4-9A15-F7D19BAD8805}.Debug|Any CPU.Build.0 = Debug|Any CPU
		{66B45ACE-5C30-47F4-9A15-F7D19BAD8805}.Debug|x64.ActiveCfg = Debug|Any CPU
		{66B45ACE-5C30-47F4-9A15-F7D19BAD8805}.Debug|x64.Build.0 = Debug|Any CPU
		{66B45ACE-5C30-47F4-9A15-F7D19BAD8805}.Debug|x86.ActiveCfg = Debug|Any CPU
		{66B45ACE-5C30-47F4-9A15-F7D19BAD8805}.Debug|x86.Build.0 = Debug|Any CPU
		{66B45ACE-5C30-47F4-9A15-F7D19BAD8805}.Release|Any CPU.ActiveCfg = Release|Any CPU
		{66B45ACE-5C30-47F4-9A15-F7D19BAD8805}.Release|Any CPU.Build.0 = Release|Any CPU
		{66B45ACE-5C30-47F4-9A15-F7D19BAD8805}.Release|x64.ActiveCfg = Release|Any CPU
		{66B45ACE-5C30-47F4-9A15-F7D19BAD8805}.Release|x64.Build.0 = Release|Any CPU
		{66B45ACE-5C30-47F4-9A15-F7D19BAD8805}.Release|x86.ActiveCfg = Release|Any CPU
		{66B45ACE-5C30-47F4-9A15-F7D19BAD8805}.Release|x86.Build.0 = Release|Any CPU
		{82BD20C2-A918-4D9C-BC7A-F8E4B8E9DFC7}.Debug|Any CPU.ActiveCfg = Debug|Any CPU
		{82BD20C2-A918-4D9C-BC7A-F8E4B8E9DFC7}.Debug|Any CPU.Build.0 = Debug|Any CPU
		{82BD20C2-A918-4D9C-BC7A-F8E4B8E9DFC7}.Debug|x64.ActiveCfg = Debug|Any CPU
		{82BD20C2-A918-4D9C-BC7A-F8E4B8E9DFC7}.Debug|x64.Build.0 = Debug|Any CPU
		{82BD20C2-A918-4D9C-BC7A-F8E4B8E9DFC7}.Debug|x86.ActiveCfg = Debug|Any CPU
		{82BD20C2-A918-4D9C-BC7A-F8E4B8E9DFC7}.Debug|x86.Build.0 = Debug|Any CPU
		{82BD20C2-A918-4D9C-BC7A-F8E4B8E9DFC7}.Release|Any CPU.ActiveCfg = Release|Any CPU
		{82BD20C2-A918-4D9C-BC7A-F8E4B8E9DFC7}.Release|Any CPU.Build.0 = Release|Any CPU
		{82BD20C2-A918-4D9C-BC7A-F8E4B8E9DFC7}.Release|x64.ActiveCfg = Release|Any CPU
		{82BD20C2-A918-4D9C-BC7A-F8E4B8E9DFC7}.Release|x64.Build.0 = Release|Any CPU
		{82BD20C2-A918-4D9C-BC7A-F8E4B8E9DFC7}.Release|x86.ActiveCfg = Release|Any CPU
		{82BD20C2-A918-4D9C-BC7A-F8E4B8E9DFC7}.Release|x86.Build.0 = Release|Any CPU
		{B81DEEDF-689C-4DC7-A275-E3BE33B111AE}.Debug|Any CPU.ActiveCfg = Debug|Any CPU
		{B81DEEDF-689C-4DC7-A275-E3BE33B111AE}.Debug|Any CPU.Build.0 = Debug|Any CPU
		{B81DEEDF-689C-4DC7-A275-E3BE33B111AE}.Debug|x64.ActiveCfg = Debug|Any CPU
		{B81DEEDF-689C-4DC7-A275-E3BE33B111AE}.Debug|x64.Build.0 = Debug|Any CPU
		{B81DEEDF-689C-4DC7-A275-E3BE33B111AE}.Debug|x86.ActiveCfg = Debug|Any CPU
		{B81DEEDF-689C-4DC7-A275-E3BE33B111AE}.Debug|x86.Build.0 = Debug|Any CPU
		{B81DEEDF-689C-4DC7-A275-E3BE33B111AE}.Release|Any CPU.ActiveCfg = Release|Any CPU
		{B81DEEDF-689C-4DC7-A275-E3BE33B111AE}.Release|Any CPU.Build.0 = Release|Any CPU
		{B81DEEDF-689C-4DC7-A275-E3BE33B111AE}.Release|x64.ActiveCfg = Release|Any CPU
		{B81DEEDF-689C-4DC7-A275-E3BE33B111AE}.Release|x64.Build.0 = Release|Any CPU
		{B81DEEDF-689C-4DC7-A275-E3BE33B111AE}.Release|x86.ActiveCfg = Release|Any CPU
		{B81DEEDF-689C-4DC7-A275-E3BE33B111AE}.Release|x86.Build.0 = Release|Any CPU
		{6995B7B5-E76C-40E3-B3B1-FC4B381B8CF0}.Debug|Any CPU.ActiveCfg = Debug|Any CPU
		{6995B7B5-E76C-40E3-B3B1-FC4B381B8CF0}.Debug|Any CPU.Build.0 = Debug|Any CPU
		{6995B7B5-E76C-40E3-B3B1-FC4B381B8CF0}.Debug|x64.ActiveCfg = Debug|Any CPU
		{6995B7B5-E76C-40E3-B3B1-FC4B381B8CF0}.Debug|x64.Build.0 = Debug|Any CPU
		{6995B7B5-E76C-40E3-B3B1-FC4B381B8CF0}.Debug|x86.ActiveCfg = Debug|Any CPU
		{6995B7B5-E76C-40E3-B3B1-FC4B381B8CF0}.Debug|x86.Build.0 = Debug|Any CPU
		{6995B7B5-E76C-40E3-B3B1-FC4B381B8CF0}.Release|Any CPU.ActiveCfg = Release|Any CPU
		{6995B7B5-E76C-40E3-B3B1-FC4B381B8CF0}.Release|Any CPU.Build.0 = Release|Any CPU
		{6995B7B5-E76C-40E3-B3B1-FC4B381B8CF0}.Release|x64.ActiveCfg = Release|Any CPU
		{6995B7B5-E76C-40E3-B3B1-FC4B381B8CF0}.Release|x64.Build.0 = Release|Any CPU
		{6995B7B5-E76C-40E3-B3B1-FC4B381B8CF0}.Release|x86.ActiveCfg = Release|Any CPU
		{6995B7B5-E76C-40E3-B3B1-FC4B381B8CF0}.Release|x86.Build.0 = Release|Any CPU
		{DD71952F-219E-4873-986D-C31D50408A54}.Debug|Any CPU.ActiveCfg = Debug|Any CPU
		{DD71952F-219E-4873-986D-C31D50408A54}.Debug|Any CPU.Build.0 = Debug|Any CPU
		{DD71952F-219E-4873-986D-C31D50408A54}.Debug|x64.ActiveCfg = Debug|Any CPU
		{DD71952F-219E-4873-986D-C31D50408A54}.Debug|x64.Build.0 = Debug|Any CPU
		{DD71952F-219E-4873-986D-C31D50408A54}.Debug|x86.ActiveCfg = Debug|Any CPU
		{DD71952F-219E-4873-986D-C31D50408A54}.Debug|x86.Build.0 = Debug|Any CPU
		{DD71952F-219E-4873-986D-C31D50408A54}.Release|Any CPU.ActiveCfg = Release|Any CPU
		{DD71952F-219E-4873-986D-C31D50408A54}.Release|Any CPU.Build.0 = Release|Any CPU
		{DD71952F-219E-4873-986D-C31D50408A54}.Release|x64.ActiveCfg = Release|Any CPU
		{DD71952F-219E-4873-986D-C31D50408A54}.Release|x64.Build.0 = Release|Any CPU
		{DD71952F-219E-4873-986D-C31D50408A54}.Release|x86.ActiveCfg = Release|Any CPU
		{DD71952F-219E-4873-986D-C31D50408A54}.Release|x86.Build.0 = Release|Any CPU
	EndGlobalSection
	GlobalSection(SolutionProperties) = preSolution
		HideSolutionNode = FALSE
	EndGlobalSection
	GlobalSection(NestedProjects) = preSolution
		{F97922AE-40BF-4CFA-934E-AB45C9EF0150} = {827E0CD3-B72D-47B6-A68D-7590B98EB39B}
		{FD730C8C-135C-40C3-B2A5-781EB93ADB77} = {827E0CD3-B72D-47B6-A68D-7590B98EB39B}
		{8C7EF206-20C4-4CB0-9723-7A69F709CE9C} = {827E0CD3-B72D-47B6-A68D-7590B98EB39B}
		{A7216F2E-F24A-4379-9288-887285A1A5A7} = {827E0CD3-B72D-47B6-A68D-7590B98EB39B}
		{CDF5BFC0-4B85-4270-BE17-D982D7118B9C} = {0AB3BF05-4346-4AA6-1389-037BE0695223}
		{8DFE9A8F-B01D-4A55-BEE6-384FAE1C8D7C} = {827E0CD3-B72D-47B6-A68D-7590B98EB39B}
		{66B45ACE-5C30-47F4-9A15-F7D19BAD8805} = {827E0CD3-B72D-47B6-A68D-7590B98EB39B}
		{82BD20C2-A918-4D9C-BC7A-F8E4B8E9DFC7} = {0AB3BF05-4346-4AA6-1389-037BE0695223}
		{B81DEEDF-689C-4DC7-A275-E3BE33B111AE} = {827E0CD3-B72D-47B6-A68D-7590B98EB39B}
		{6995B7B5-E76C-40E3-B3B1-FC4B381B8CF0} = {827E0CD3-B72D-47B6-A68D-7590B98EB39B}
		{DD71952F-219E-4873-986D-C31D50408A54} = {0AB3BF05-4346-4AA6-1389-037BE0695223}
	EndGlobalSection
EndGlobal
